PODS:
  - AFCSVParserResponseSerializer (1.0.0):
    - AFNetworking (~> 3.0)
    - CHCSVParser (~> 2.0)
  - AFNetworking (3.2.1):
    - AFNetworking/NSURLSession (= 3.2.1)
    - AFNetworking/Reachability (= 3.2.1)
    - AFNetworking/Security (= 3.2.1)
    - AFNetworking/Serialization (= 3.2.1)
    - AFNetworking/UIKit (= 3.2.1)
  - AFNetworking/NSURLSession (3.2.1):
    - AFNetworking/Reachability
    - AFNetworking/Security
    - AFNetworking/Serialization
  - AFNetworking/Reachability (3.2.1)
  - AFNetworking/Security (3.2.1)
  - AFNetworking/Serialization (3.2.1)
  - AFNetworking/UIKit (3.2.1):
    - AFNetworking/NSURLSession
  - Bolts (1.9.0):
    - Bolts/AppLinks (= 1.9.0)
    - Bolts/Tasks (= 1.9.0)
  - Bolts/AppLinks (1.9.0):
    - Bolts/Tasks
  - Bolts/Tasks (1.9.0)
  - CHCSVParser (2.1.0)
  - FontAwesomeKit (2.2.1):
    - FontAwesomeKit/Core (= 2.2.1)
    - FontAwesomeKit/FontAwesome (= 2.2.1)
    - FontAwesomeKit/FoundationIcons (= 2.2.1)
    - FontAwesomeKit/IonIcons (= 2.2.1)
    - FontAwesomeKit/Material (= 2.2.1)
    - FontAwesomeKit/Octicons (= 2.2.1)
    - FontAwesomeKit/Zocial (= 2.2.1)
  - FontAwesomeKit/Core (2.2.1)
  - FontAwesomeKit/FontAwesome (2.2.1):
    - FontAwesomeKit/Core
  - FontAwesomeKit/FoundationIcons (2.2.1):
    - FontAwesomeKit/Core
  - FontAwesomeKit/IonIcons (2.2.1):
    - FontAwesomeKit/Core
  - FontAwesomeKit/Material (2.2.1):
    - FontAwesomeKit/Core
  - FontAwesomeKit/Octicons (2.2.1):
    - FontAwesomeKit/Core
  - FontAwesomeKit/Zocial (2.2.1):
    - FontAwesomeKit/Core
  - MagicalRecord (2.3.2):
    - MagicalRecord/Core (= 2.3.2)
  - MagicalRecord/Core (2.3.2)
  - OHHTTPStubs (8.0.0):
    - OHHTTPStubs/Default (= 8.0.0)
  - OHHTTPStubs/Core (8.0.0)
  - OHHTTPStubs/Default (8.0.0):
    - OHHTTPStubs/Core
    - OHHTTPStubs/JSON
    - OHHTTPStubs/NSURLSession
    - OHHTTPStubs/OHPathHelpers
  - OHHTTPStubs/JSON (8.0.0):
    - OHHTTPStubs/Core
  - OHHTTPStubs/NSURLSession (8.0.0):
    - OHHTTPStubs/Core
  - OHHTTPStubs/OHPathHelpers (8.0.0)
  - PocketSVG (2.4.2)
  - RATreeView (2.1.2)
  - TOWebViewController (2.2.8):
    - TOWebViewController/Core (= 2.2.8)
  - TOWebViewController/Core (2.2.8)
  - XLForm (4.0.1)

DEPENDENCIES:
  - AFCSVParserResponseSerializer
  - AFNetworking (~> 3.1)
  - AFNetworking/UIKit
  - Bolts (~> 1.0)
  - FontAwesomeKit (from `https://github.com/PrideChung/FontAwesomeKit.git`)
  - FontAwesomeKit/FontAwesome (from `https://github.com/PrideChung/FontAwesomeKit.git`)
  - MagicalRecord (~> 2.2)
  - OHHTTPStubs
  - PocketSVG
  - RATreeView
  - TOWebViewController
  - XLForm (~> 4.0.0)

SPEC REPOS:
  https://github.com/cocoapods/specs.git:
    - AFCSVParserResponseSerializer
    - AFNetworking
    - Bolts
    - CHCSVParser
    - MagicalRecord
    - OHHTTPStubs
    - PocketSVG
    - RATreeView
    - TOWebViewController
    - XLForm

EXTERNAL SOURCES:
  FontAwesomeKit:
    :git: https://github.com/PrideChung/FontAwesomeKit.git

CHECKOUT OPTIONS:
  FontAwesomeKit:
    :commit: ed5eb02f4bcf76e218bb1c966c551a7b5240b6b4
    :git: https://github.com/PrideChung/FontAwesomeKit.git

SPEC CHECKSUMS:
  AFCSVParserResponseSerializer: ff1f90868576cbfbedda7f0c2f31361af232b144
  AFNetworking: b6f891fdfaed196b46c7a83cf209e09697b94057
  Bolts: ac6567323eac61e203f6a9763667d0f711be34c8
  CHCSVParser: 3bcc7bdb72111a31222e95d57eacceefe4e537e8
  FontAwesomeKit: 3614979b3dbb0ec3f7fac1bd760b91f66c31db67
  MagicalRecord: 53bed74b4323b930992a725be713e53b37d19755
  OHHTTPStubs: 9cbce6364bec557cc3439aa6bb7514670d780881
  PocketSVG: c30139829206a43df2ec203880e3970531facba7
  RATreeView: 380cde0090cfde21dc6ac29137f49d3b768fdd28
  TOWebViewController: 953a24619d32f7aa1d9d4098a74885a9236f7348
  XLForm: b8d47a9a00fb6166981cb40de7169d70d611e9be

PODFILE CHECKSUM: 1b60b2d866db7e542bbedcac696f4826fffe25a7

COCOAPODS: 1.5.3
