PODS:
  - AFCSVParserResponseSerializer (0.1.0):
    - AFNetworking (~> 2.3)
    - CHCSVParser (~> 2.0)
  - AFNetworking (2.5.2):
    - AFNetworking/NSURLConnection (= 2.5.2)
    - AFNetworking/NSURLSession (= 2.5.2)
    - AFNetworking/Reachability (= 2.5.2)
    - AFNetworking/Security (= 2.5.2)
    - AFNetworking/Serialization (= 2.5.2)
    - AFNetworking/UIKit (= 2.5.2)
  - AFNetworking/NSURLConnection (2.5.2):
    - AFNetworking/Reachability
    - AFNetworking/Security
    - AFNetworking/Serialization
  - AFNetworking/NSURLSession (2.5.2):
    - AFNetworking/Reachability
    - AFNetworking/Security
    - AFNetworking/Serialization
  - AFNetworking/Reachability (2.5.2)
  - AFNetworking/Security (2.5.2)
  - AFNetworking/Serialization (2.5.2)
  - AFNetworking/UIKit (2.5.2):
    - AFNetworking/NSURLConnection
    - AFNetworking/NSURLSession
  - Bolts (1.0.0)
  - CHCSVParser (2.1.0)
  - MagicalRecord (2.2):
    - MagicalRecord/Core (= 2.2)
  - MagicalRecord/Core (2.2)
  - OHHTTPStubs (3.1.11):
    - OHHTTPStubs/Core (= 3.1.11)
  - OHHTTPStubs/Core (3.1.11)
  - OHHTTPStubs/XCTestExpectation (3.1.11)
  - QuickDialog (1.0):
    - QuickDialog/Core (= 1.0)
  - QuickDialog/Core (1.0)
  - TOWebViewController (2.0.14)

DEPENDENCIES:
  - AFCSVParserResponseSerializer
  - AFNetworking (~> 2.3)
  - AFNetworking/UIKit
  - Bolts (~> 1.0.0)
  - MagicalRecord (~> 2.2)
  - OHHTTPStubs
  - OHHTTPStubs/XCTestExpectation
  - QuickDialog (~> 1.0)
  - TOWebViewController

SPEC CHECKSUMS:
  AFCSVParserResponseSerializer: e7322f94756052a4d05048d45278b6a82fb5a946
  AFNetworking: fefbce9660acb17f48ae0011292d4da0f457bf36
  Bolts: 7d4f57162547cc80743b05556dc26eb40bd44008
  CHCSVParser: 3bcc7bdb72111a31222e95d57eacceefe4e537e8
  MagicalRecord: f8a56bb87ab6552f20c4bb8681a1958a197ea3cd
  OHHTTPStubs: 5624a5d20d97d46d47e15a68ca8808b59ccf0512
  QuickDialog: ea2e68e0611ec012bcbd9d0e1d703d566a4c7355
  TOWebViewController: 2cfd0032d781cabd88a0995fbca9692c11f0797e

COCOAPODS: 0.36.3
