// !$*UTF8*$!
{
	archiveVersion = 1;
	classes = {
	};
	objectVersion = 46;
	objects = {

/* Begin PBXBuildFile section */
		84FEEA5C40A246A495BB0AA2 /* libPods-hackfoldr-iOSTests.a in Frameworks */ = {isa = PBXBuildFile; fileRef = 49BF3E8BC95B4A9183627B72 /* libPods-hackfoldr-iOSTests.a */; };
		E71D192A1956CE5500B57207 /* HackfolerClient.m in Sources */ = {isa = PBXBuildFile; fileRef = E71D19291956CE5500B57207 /* HackfolerClient.m */; };
		E71D192D1956CFB600B57207 /* HackfolerField.m in Sources */ = {isa = PBXBuildFile; fileRef = E71D192C1956CFB600B57207 /* HackfolerField.m */; };
		E71D19321956DE0300B57207 /* CHCSVParserResponseSerializer.m in Sources */ = {isa = PBXBuildFile; fileRef = E71D19311956DE0300B57207 /* CHCSVParserResponseSerializer.m */; };
		E7EB66BC19554E290069FD71 /* Foundation.framework in Frameworks */ = {isa = PBXBuildFile; fileRef = E7EB66BB19554E290069FD71 /* Foundation.framework */; };
		E7EB66BE19554E290069FD71 /* CoreGraphics.framework in Frameworks */ = {isa = PBXBuildFile; fileRef = E7EB66BD19554E290069FD71 /* CoreGraphics.framework */; };
		E7EB66C019554E290069FD71 /* UIKit.framework in Frameworks */ = {isa = PBXBuildFile; fileRef = E7EB66BF19554E290069FD71 /* UIKit.framework */; };
		E7EB66C619554E290069FD71 /* InfoPlist.strings in Resources */ = {isa = PBXBuildFile; fileRef = E7EB66C419554E290069FD71 /* InfoPlist.strings */; };
		E7EB66C819554E290069FD71 /* main.m in Sources */ = {isa = PBXBuildFile; fileRef = E7EB66C719554E290069FD71 /* main.m */; };
		E7EB66CC19554E290069FD71 /* AppDelegate.m in Sources */ = {isa = PBXBuildFile; fileRef = E7EB66CB19554E290069FD71 /* AppDelegate.m */; };
		E7EB66CF19554E290069FD71 /* Main_iPhone.storyboard in Resources */ = {isa = PBXBuildFile; fileRef = E7EB66CD19554E290069FD71 /* Main_iPhone.storyboard */; };
		E7EB66D219554E290069FD71 /* Main_iPad.storyboard in Resources */ = {isa = PBXBuildFile; fileRef = E7EB66D019554E290069FD71 /* Main_iPad.storyboard */; };
		E7EB66D519554E290069FD71 /* ViewController.m in Sources */ = {isa = PBXBuildFile; fileRef = E7EB66D419554E290069FD71 /* ViewController.m */; };
		E7EB66D719554E290069FD71 /* Images.xcassets in Resources */ = {isa = PBXBuildFile; fileRef = E7EB66D619554E290069FD71 /* Images.xcassets */; };
		E7EB66DE19554E290069FD71 /* XCTest.framework in Frameworks */ = {isa = PBXBuildFile; fileRef = E7EB66DD19554E290069FD71 /* XCTest.framework */; };
		E7EB66DF19554E290069FD71 /* Foundation.framework in Frameworks */ = {isa = PBXBuildFile; fileRef = E7EB66BB19554E290069FD71 /* Foundation.framework */; };
		E7EB66E019554E290069FD71 /* UIKit.framework in Frameworks */ = {isa = PBXBuildFile; fileRef = E7EB66BF19554E290069FD71 /* UIKit.framework */; };
		E7EB66E819554E290069FD71 /* InfoPlist.strings in Resources */ = {isa = PBXBuildFile; fileRef = E7EB66E619554E290069FD71 /* InfoPlist.strings */; };
		E7EB66EA19554E290069FD71 /* hackfoldr_iOSTests.m in Sources */ = {isa = PBXBuildFile; fileRef = E7EB66E919554E290069FD71 /* hackfoldr_iOSTests.m */; };
		E7F7482A1955878C00262A34 /* QuartzCore.framework in Frameworks */ = {isa = PBXBuildFile; fileRef = E7F748291955878C00262A34 /* QuartzCore.framework */; };
		F8C75494381B4A8B87C9B571 /* libPods-hackfoldr-iOS.a in Frameworks */ = {isa = PBXBuildFile; fileRef = 592911384328487494648D2E /* libPods-hackfoldr-iOS.a */; };
/* End PBXBuildFile section */

/* Begin PBXContainerItemProxy section */
		E7EB66E119554E290069FD71 /* PBXContainerItemProxy */ = {
			isa = PBXContainerItemProxy;
			containerPortal = E7EB66B019554E290069FD71 /* Project object */;
			proxyType = 1;
			remoteGlobalIDString = E7EB66B719554E290069FD71;
			remoteInfo = "hackfoldr-iOS";
		};
/* End PBXContainerItemProxy section */

/* Begin PBXFileReference section */
		49BF3E8BC95B4A9183627B72 /* libPods-hackfoldr-iOSTests.a */ = {isa = PBXFileReference; explicitFileType = archive.ar; includeInIndex = 0; path = "libPods-hackfoldr-iOSTests.a"; sourceTree = BUILT_PRODUCTS_DIR; };
		592911384328487494648D2E /* libPods-hackfoldr-iOS.a */ = {isa = PBXFileReference; explicitFileType = archive.ar; includeInIndex = 0; path = "libPods-hackfoldr-iOS.a"; sourceTree = BUILT_PRODUCTS_DIR; };
		68052F00A60744809CFBF1EF /* Pods-hackfoldr-iOS.xcconfig */ = {isa = PBXFileReference; includeInIndex = 1; lastKnownFileType = text.xcconfig; name = "Pods-hackfoldr-iOS.xcconfig"; path = "Pods/Pods-hackfoldr-iOS.xcconfig"; sourceTree = "<group>"; };
		A42D435D2F5D4FFDA4B372F8 /* Pods-hackfoldr-iOSTests.xcconfig */ = {isa = PBXFileReference; includeInIndex = 1; lastKnownFileType = text.xcconfig; name = "Pods-hackfoldr-iOSTests.xcconfig"; path = "Pods/Pods-hackfoldr-iOSTests.xcconfig"; sourceTree = "<group>"; };
		E71D19281956CE5500B57207 /* HackfolerClient.h */ = {isa = PBXFileReference; fileEncoding = 4; lastKnownFileType = sourcecode.c.h; name = HackfolerClient.h; path = "hackfoldr-iOS/HackfolerClient.h"; sourceTree = "<group>"; };
		E71D19291956CE5500B57207 /* HackfolerClient.m */ = {isa = PBXFileReference; fileEncoding = 4; lastKnownFileType = sourcecode.c.objc; name = HackfolerClient.m; path = "hackfoldr-iOS/HackfolerClient.m"; sourceTree = "<group>"; };
		E71D192B1956CFB600B57207 /* HackfolerField.h */ = {isa = PBXFileReference; fileEncoding = 4; lastKnownFileType = sourcecode.c.h; name = HackfolerField.h; path = "hackfoldr-iOS/HackfolerField.h"; sourceTree = "<group>"; };
		E71D192C1956CFB600B57207 /* HackfolerField.m */ = {isa = PBXFileReference; fileEncoding = 4; lastKnownFileType = sourcecode.c.objc; name = HackfolerField.m; path = "hackfoldr-iOS/HackfolerField.m"; sourceTree = "<group>"; };
		E71D19301956DE0300B57207 /* CHCSVParserResponseSerializer.h */ = {isa = PBXFileReference; fileEncoding = 4; lastKnownFileType = sourcecode.c.h; name = CHCSVParserResponseSerializer.h; path = "hackfoldr-iOS/CHCSVParserResponseSerializer.h"; sourceTree = "<group>"; };
		E71D19311956DE0300B57207 /* CHCSVParserResponseSerializer.m */ = {isa = PBXFileReference; fileEncoding = 4; lastKnownFileType = sourcecode.c.objc; name = CHCSVParserResponseSerializer.m; path = "hackfoldr-iOS/CHCSVParserResponseSerializer.m"; sourceTree = "<group>"; };
		E7EB66B819554E290069FD71 /* hackfoldr-iOS.app */ = {isa = PBXFileReference; explicitFileType = wrapper.application; includeInIndex = 0; path = "hackfoldr-iOS.app"; sourceTree = BUILT_PRODUCTS_DIR; };
		E7EB66BB19554E290069FD71 /* Foundation.framework */ = {isa = PBXFileReference; lastKnownFileType = wrapper.framework; name = Foundation.framework; path = System/Library/Frameworks/Foundation.framework; sourceTree = SDKROOT; };
		E7EB66BD19554E290069FD71 /* CoreGraphics.framework */ = {isa = PBXFileReference; lastKnownFileType = wrapper.framework; name = CoreGraphics.framework; path = System/Library/Frameworks/CoreGraphics.framework; sourceTree = SDKROOT; };
		E7EB66BF19554E290069FD71 /* UIKit.framework */ = {isa = PBXFileReference; lastKnownFileType = wrapper.framework; name = UIKit.framework; path = System/Library/Frameworks/UIKit.framework; sourceTree = SDKROOT; };
		E7EB66C319554E290069FD71 /* hackfoldr-iOS-Info.plist */ = {isa = PBXFileReference; lastKnownFileType = text.plist.xml; path = "hackfoldr-iOS-Info.plist"; sourceTree = "<group>"; };
		E7EB66C519554E290069FD71 /* en */ = {isa = PBXFileReference; lastKnownFileType = text.plist.strings; name = en; path = en.lproj/InfoPlist.strings; sourceTree = "<group>"; };
		E7EB66C719554E290069FD71 /* main.m */ = {isa = PBXFileReference; lastKnownFileType = sourcecode.c.objc; path = main.m; sourceTree = "<group>"; };
		E7EB66C919554E290069FD71 /* hackfoldr-iOS-Prefix.pch */ = {isa = PBXFileReference; lastKnownFileType = sourcecode.c.h; path = "hackfoldr-iOS-Prefix.pch"; sourceTree = "<group>"; };
		E7EB66CA19554E290069FD71 /* AppDelegate.h */ = {isa = PBXFileReference; lastKnownFileType = sourcecode.c.h; path = AppDelegate.h; sourceTree = "<group>"; };
		E7EB66CB19554E290069FD71 /* AppDelegate.m */ = {isa = PBXFileReference; lastKnownFileType = sourcecode.c.objc; path = AppDelegate.m; sourceTree = "<group>"; };
		E7EB66CE19554E290069FD71 /* Base */ = {isa = PBXFileReference; lastKnownFileType = file.storyboard; name = Base; path = Base.lproj/Main_iPhone.storyboard; sourceTree = "<group>"; };
		E7EB66D119554E290069FD71 /* Base */ = {isa = PBXFileReference; lastKnownFileType = file.storyboard; name = Base; path = Base.lproj/Main_iPad.storyboard; sourceTree = "<group>"; };
		E7EB66D319554E290069FD71 /* ViewController.h */ = {isa = PBXFileReference; lastKnownFileType = sourcecode.c.h; path = ViewController.h; sourceTree = "<group>"; };
		E7EB66D419554E290069FD71 /* ViewController.m */ = {isa = PBXFileReference; lastKnownFileType = sourcecode.c.objc; path = ViewController.m; sourceTree = "<group>"; };
		E7EB66D619554E290069FD71 /* Images.xcassets */ = {isa = PBXFileReference; lastKnownFileType = folder.assetcatalog; path = Images.xcassets; sourceTree = "<group>"; };
		E7EB66DC19554E290069FD71 /* hackfoldr-iOSTests.xctest */ = {isa = PBXFileReference; explicitFileType = wrapper.cfbundle; includeInIndex = 0; path = "hackfoldr-iOSTests.xctest"; sourceTree = BUILT_PRODUCTS_DIR; };
		E7EB66DD19554E290069FD71 /* XCTest.framework */ = {isa = PBXFileReference; lastKnownFileType = wrapper.framework; name = XCTest.framework; path = Library/Frameworks/XCTest.framework; sourceTree = DEVELOPER_DIR; };
		E7EB66E519554E290069FD71 /* hackfoldr-iOSTests-Info.plist */ = {isa = PBXFileReference; lastKnownFileType = text.plist.xml; path = "hackfoldr-iOSTests-Info.plist"; sourceTree = "<group>"; };
		E7EB66E719554E290069FD71 /* en */ = {isa = PBXFileReference; lastKnownFileType = text.plist.strings; name = en; path = en.lproj/InfoPlist.strings; sourceTree = "<group>"; };
		E7EB66E919554E290069FD71 /* hackfoldr_iOSTests.m */ = {isa = PBXFileReference; lastKnownFileType = sourcecode.c.objc; path = hackfoldr_iOSTests.m; sourceTree = "<group>"; };
		E7F748291955878C00262A34 /* QuartzCore.framework */ = {isa = PBXFileReference; lastKnownFileType = wrapper.framework; name = QuartzCore.framework; path = System/Library/Frameworks/QuartzCore.framework; sourceTree = SDKROOT; };
/* End PBXFileReference section */

/* Begin PBXFrameworksBuildPhase section */
		E7EB66B519554E290069FD71 /* Frameworks */ = {
			isa = PBXFrameworksBuildPhase;
			buildActionMask = 2147483647;
			files = (
				E7F7482A1955878C00262A34 /* QuartzCore.framework in Frameworks */,
				E7EB66BE19554E290069FD71 /* CoreGraphics.framework in Frameworks */,
				E7EB66C019554E290069FD71 /* UIKit.framework in Frameworks */,
				E7EB66BC19554E290069FD71 /* Foundation.framework in Frameworks */,
				F8C75494381B4A8B87C9B571 /* libPods-hackfoldr-iOS.a in Frameworks */,
			);
			runOnlyForDeploymentPostprocessing = 0;
		};
		E7EB66D919554E290069FD71 /* Frameworks */ = {
			isa = PBXFrameworksBuildPhase;
			buildActionMask = 2147483647;
			files = (
				E7EB66DE19554E290069FD71 /* XCTest.framework in Frameworks */,
				E7EB66E019554E290069FD71 /* UIKit.framework in Frameworks */,
				E7EB66DF19554E290069FD71 /* Foundation.framework in Frameworks */,
				84FEEA5C40A246A495BB0AA2 /* libPods-hackfoldr-iOSTests.a in Frameworks */,
			);
			runOnlyForDeploymentPostprocessing = 0;
		};
/* End PBXFrameworksBuildPhase section */

/* Begin PBXGroup section */
		E71D192E1956DAF800B57207 /* Models */ = {
			isa = PBXGroup;
			children = (
				E71D192B1956CFB600B57207 /* HackfolerField.h */,
				E71D192C1956CFB600B57207 /* HackfolerField.m */,
			);
			name = Models;
			sourceTree = "<group>";
		};
		E71D192F1956DB0300B57207 /* Client */ = {
			isa = PBXGroup;
			children = (
				E71D19301956DE0300B57207 /* CHCSVParserResponseSerializer.h */,
				E71D19311956DE0300B57207 /* CHCSVParserResponseSerializer.m */,
				E71D19281956CE5500B57207 /* HackfolerClient.h */,
				E71D19291956CE5500B57207 /* HackfolerClient.m */,
			);
			name = Client;
			sourceTree = "<group>";
		};
		E7EB66AF19554E290069FD71 = {
			isa = PBXGroup;
			children = (
				E71D192F1956DB0300B57207 /* Client */,
				E7EB66BA19554E290069FD71 /* Frameworks */,
				E7EB66C119554E290069FD71 /* hackfoldr-iOS */,
				E7EB66E319554E290069FD71 /* hackfoldr-iOSTests */,
				E71D192E1956DAF800B57207 /* Models */,
				68052F00A60744809CFBF1EF /* Pods-hackfoldr-iOS.xcconfig */,
				A42D435D2F5D4FFDA4B372F8 /* Pods-hackfoldr-iOSTests.xcconfig */,
				E7EB66B919554E290069FD71 /* Products */,
			);
			sourceTree = "<group>";
		};
		E7EB66B919554E290069FD71 /* Products */ = {
			isa = PBXGroup;
			children = (
				E7EB66B819554E290069FD71 /* hackfoldr-iOS.app */,
				E7EB66DC19554E290069FD71 /* hackfoldr-iOSTests.xctest */,
			);
			name = Products;
			sourceTree = "<group>";
		};
		E7EB66BA19554E290069FD71 /* Frameworks */ = {
			isa = PBXGroup;
			children = (
				E7F748291955878C00262A34 /* QuartzCore.framework */,
				E7EB66BB19554E290069FD71 /* Foundation.framework */,
				E7EB66BD19554E290069FD71 /* CoreGraphics.framework */,
				E7EB66BF19554E290069FD71 /* UIKit.framework */,
				E7EB66DD19554E290069FD71 /* XCTest.framework */,
				592911384328487494648D2E /* libPods-hackfoldr-iOS.a */,
				49BF3E8BC95B4A9183627B72 /* libPods-hackfoldr-iOSTests.a */,
			);
			name = Frameworks;
			sourceTree = "<group>";
		};
		E7EB66C119554E290069FD71 /* hackfoldr-iOS */ = {
			isa = PBXGroup;
			children = (
				E7EB66CA19554E290069FD71 /* AppDelegate.h */,
				E7EB66CB19554E290069FD71 /* AppDelegate.m */,
				E7EB66CD19554E290069FD71 /* Main_iPhone.storyboard */,
				E7EB66D019554E290069FD71 /* Main_iPad.storyboard */,
				E7EB66D319554E290069FD71 /* ViewController.h */,
				E7EB66D419554E290069FD71 /* ViewController.m */,
				E7EB66D619554E290069FD71 /* Images.xcassets */,
				E7EB66C219554E290069FD71 /* Supporting Files */,
			);
			path = "hackfoldr-iOS";
			sourceTree = "<group>";
		};
		E7EB66C219554E290069FD71 /* Supporting Files */ = {
			isa = PBXGroup;
			children = (
				E7EB66C319554E290069FD71 /* hackfoldr-iOS-Info.plist */,
				E7EB66C419554E290069FD71 /* InfoPlist.strings */,
				E7EB66C719554E290069FD71 /* main.m */,
				E7EB66C919554E290069FD71 /* hackfoldr-iOS-Prefix.pch */,
			);
			name = "Supporting Files";
			sourceTree = "<group>";
		};
		E7EB66E319554E290069FD71 /* hackfoldr-iOSTests */ = {
			isa = PBXGroup;
			children = (
				E7EB66E919554E290069FD71 /* hackfoldr_iOSTests.m */,
				E7EB66E419554E290069FD71 /* Supporting Files */,
			);
			path = "hackfoldr-iOSTests";
			sourceTree = "<group>";
		};
		E7EB66E419554E290069FD71 /* Supporting Files */ = {
			isa = PBXGroup;
			children = (
				E7EB66E519554E290069FD71 /* hackfoldr-iOSTests-Info.plist */,
				E7EB66E619554E290069FD71 /* InfoPlist.strings */,
			);
			name = "Supporting Files";
			sourceTree = "<group>";
		};
/* End PBXGroup section */

/* Begin PBXNativeTarget section */
		E7EB66B719554E290069FD71 /* hackfoldr-iOS */ = {
			isa = PBXNativeTarget;
			buildConfigurationList = E7EB66ED19554E290069FD71 /* Build configuration list for PBXNativeTarget "hackfoldr-iOS" */;
			buildPhases = (
				F62215F8E8C94E159E6864B0 /* Check Pods Manifest.lock */,
				E7EB66B419554E290069FD71 /* Sources */,
				E7EB66B519554E290069FD71 /* Frameworks */,
				E7EB66B619554E290069FD71 /* Resources */,
				F8ECB66B724E4F56BFCD72D5 /* Copy Pods Resources */,
			);
			buildRules = (
			);
			dependencies = (
			);
			name = "hackfoldr-iOS";
			productName = "hackfoldr-iOS";
			productReference = E7EB66B819554E290069FD71 /* hackfoldr-iOS.app */;
			productType = "com.apple.product-type.application";
		};
		E7EB66DB19554E290069FD71 /* hackfoldr-iOSTests */ = {
			isa = PBXNativeTarget;
			buildConfigurationList = E7EB66F019554E290069FD71 /* Build configuration list for PBXNativeTarget "hackfoldr-iOSTests" */;
			buildPhases = (
				B7D95A8A23B2466384102BEF /* Check Pods Manifest.lock */,
				E7EB66D819554E290069FD71 /* Sources */,
				E7EB66D919554E290069FD71 /* Frameworks */,
				E7EB66DA19554E290069FD71 /* Resources */,
				D3FA1659305847ED9A84D75F /* Copy Pods Resources */,
			);
			buildRules = (
			);
			dependencies = (
				E7EB66E219554E290069FD71 /* PBXTargetDependency */,
			);
			name = "hackfoldr-iOSTests";
			productName = "hackfoldr-iOSTests";
			productReference = E7EB66DC19554E290069FD71 /* hackfoldr-iOSTests.xctest */;
			productType = "com.apple.product-type.bundle.unit-test";
		};
/* End PBXNativeTarget section */

/* Begin PBXProject section */
		E7EB66B019554E290069FD71 /* Project object */ = {
			isa = PBXProject;
			attributes = {
				LastUpgradeCheck = 0510;
				ORGANIZATIONNAME = org.superbil;
				TargetAttributes = {
					E7EB66B719554E290069FD71 = {
						DevelopmentTeam = 67Y6DS58YP;
					};
					E7EB66DB19554E290069FD71 = {
						TestTargetID = E7EB66B719554E290069FD71;
					};
				};
			};
			buildConfigurationList = E7EB66B319554E290069FD71 /* Build configuration list for PBXProject "hackfoldr-iOS" */;
			compatibilityVersion = "Xcode 3.2";
			developmentRegion = English;
			hasScannedForEncodings = 0;
			knownRegions = (
				en,
				Base,
			);
			mainGroup = E7EB66AF19554E290069FD71;
			productRefGroup = E7EB66B919554E290069FD71 /* Products */;
			projectDirPath = "";
			projectRoot = "";
			targets = (
				E7EB66B719554E290069FD71 /* hackfoldr-iOS */,
				E7EB66DB19554E290069FD71 /* hackfoldr-iOSTests */,
			);
		};
/* End PBXProject section */

/* Begin PBXResourcesBuildPhase section */
		E7EB66B619554E290069FD71 /* Resources */ = {
			isa = PBXResourcesBuildPhase;
			buildActionMask = 2147483647;
			files = (
				E7EB66D219554E290069FD71 /* Main_iPad.storyboard in Resources */,
				E7EB66D719554E290069FD71 /* Images.xcassets in Resources */,
				E7EB66CF19554E290069FD71 /* Main_iPhone.storyboard in Resources */,
				E7EB66C619554E290069FD71 /* InfoPlist.strings in Resources */,
			);
			runOnlyForDeploymentPostprocessing = 0;
		};
		E7EB66DA19554E290069FD71 /* Resources */ = {
			isa = PBXResourcesBuildPhase;
			buildActionMask = 2147483647;
			files = (
				E7EB66E819554E290069FD71 /* InfoPlist.strings in Resources */,
			);
			runOnlyForDeploymentPostprocessing = 0;
		};
/* End PBXResourcesBuildPhase section */

/* Begin PBXShellScriptBuildPhase section */
		B7D95A8A23B2466384102BEF /* Check Pods Manifest.lock */ = {
			isa = PBXShellScriptBuildPhase;
			buildActionMask = 2147483647;
			files = (
			);
			inputPaths = (
			);
			name = "Check Pods Manifest.lock";
			outputPaths = (
			);
			runOnlyForDeploymentPostprocessing = 0;
			shellPath = /bin/sh;
			shellScript = "diff \"${PODS_ROOT}/../Podfile.lock\" \"${PODS_ROOT}/Manifest.lock\" > /dev/null\nif [[ $? != 0 ]] ; then\n    cat << EOM\nerror: The sandbox is not in sync with the Podfile.lock. Run 'pod install' or update your CocoaPods installation.\nEOM\n    exit 1\nfi\n";
			showEnvVarsInLog = 0;
		};
		D3FA1659305847ED9A84D75F /* Copy Pods Resources */ = {
			isa = PBXShellScriptBuildPhase;
			buildActionMask = 2147483647;
			files = (
			);
			inputPaths = (
			);
			name = "Copy Pods Resources";
			outputPaths = (
			);
			runOnlyForDeploymentPostprocessing = 0;
			shellPath = /bin/sh;
			shellScript = "\"${SRCROOT}/Pods/Pods-hackfoldr-iOSTests-resources.sh\"\n";
			showEnvVarsInLog = 0;
		};
		F62215F8E8C94E159E6864B0 /* Check Pods Manifest.lock */ = {
			isa = PBXShellScriptBuildPhase;
			buildActionMask = 2147483647;
			files = (
			);
			inputPaths = (
			);
			name = "Check Pods Manifest.lock";
			outputPaths = (
			);
			runOnlyForDeploymentPostprocessing = 0;
			shellPath = /bin/sh;
			shellScript = "diff \"${PODS_ROOT}/../Podfile.lock\" \"${PODS_ROOT}/Manifest.lock\" > /dev/null\nif [[ $? != 0 ]] ; then\n    cat << EOM\nerror: The sandbox is not in sync with the Podfile.lock. Run 'pod install' or update your CocoaPods installation.\nEOM\n    exit 1\nfi\n";
			showEnvVarsInLog = 0;
		};
		F8ECB66B724E4F56BFCD72D5 /* Copy Pods Resources */ = {
			isa = PBXShellScriptBuildPhase;
			buildActionMask = 2147483647;
			files = (
			);
			inputPaths = (
			);
			name = "Copy Pods Resources";
			outputPaths = (
			);
			runOnlyForDeploymentPostprocessing = 0;
			shellPath = /bin/sh;
			shellScript = "\"${SRCROOT}/Pods/Pods-hackfoldr-iOS-resources.sh\"\n";
			showEnvVarsInLog = 0;
		};
/* End PBXShellScriptBuildPhase section */

/* Begin PBXSourcesBuildPhase section */
		E7EB66B419554E290069FD71 /* Sources */ = {
			isa = PBXSourcesBuildPhase;
			buildActionMask = 2147483647;
			files = (
				E7EB66D519554E290069FD71 /* ViewController.m in Sources */,
				E71D19321956DE0300B57207 /* CHCSVParserResponseSerializer.m in Sources */,
				E7EB66CC19554E290069FD71 /* AppDelegate.m in Sources */,
				E71D192A1956CE5500B57207 /* HackfolerClient.m in Sources */,
				E71D192D1956CFB600B57207 /* HackfolerField.m in Sources */,
				E7EB66C819554E290069FD71 /* main.m in Sources */,
			);
			runOnlyForDeploymentPostprocessing = 0;
		};
		E7EB66D819554E290069FD71 /* Sources */ = {
			isa = PBXSourcesBuildPhase;
			buildActionMask = 2147483647;
			files = (
				E7EB66EA19554E290069FD71 /* hackfoldr_iOSTests.m in Sources */,
			);
			runOnlyForDeploymentPostprocessing = 0;
		};
/* End PBXSourcesBuildPhase section */

/* Begin PBXTargetDependency section */
		E7EB66E219554E290069FD71 /* PBXTargetDependency */ = {
			isa = PBXTargetDependency;
			target = E7EB66B719554E290069FD71 /* hackfoldr-iOS */;
			targetProxy = E7EB66E119554E290069FD71 /* PBXContainerItemProxy */;
		};
/* End PBXTargetDependency section */

/* Begin PBXVariantGroup section */
		E7EB66C419554E290069FD71 /* InfoPlist.strings */ = {
			isa = PBXVariantGroup;
			children = (
				E7EB66C519554E290069FD71 /* en */,
			);
			name = InfoPlist.strings;
			sourceTree = "<group>";
		};
		E7EB66CD19554E290069FD71 /* Main_iPhone.storyboard */ = {
			isa = PBXVariantGroup;
			children = (
				E7EB66CE19554E290069FD71 /* Base */,
			);
			name = Main_iPhone.storyboard;
			sourceTree = "<group>";
		};
		E7EB66D019554E290069FD71 /* Main_iPad.storyboard */ = {
			isa = PBXVariantGroup;
			children = (
				E7EB66D119554E290069FD71 /* Base */,
			);
			name = Main_iPad.storyboard;
			sourceTree = "<group>";
		};
		E7EB66E619554E290069FD71 /* InfoPlist.strings */ = {
			isa = PBXVariantGroup;
			children = (
				E7EB66E719554E290069FD71 /* en */,
			);
			name = InfoPlist.strings;
			sourceTree = "<group>";
		};
/* End PBXVariantGroup section */

/* Begin XCBuildConfiguration section */
		E7EB66EB19554E290069FD71 /* Debug */ = {
			isa = XCBuildConfiguration;
			buildSettings = {
				ALWAYS_SEARCH_USER_PATHS = NO;
				CLANG_CXX_LANGUAGE_STANDARD = "gnu++0x";
				CLANG_CXX_LIBRARY = "libc++";
				CLANG_ENABLE_MODULES = YES;
				CLANG_ENABLE_OBJC_ARC = YES;
				CLANG_WARN_BOOL_CONVERSION = YES;
				CLANG_WARN_CONSTANT_CONVERSION = YES;
				CLANG_WARN_DIRECT_OBJC_ISA_USAGE = YES_ERROR;
				CLANG_WARN_EMPTY_BODY = YES;
				CLANG_WARN_ENUM_CONVERSION = YES;
				CLANG_WARN_INT_CONVERSION = YES;
				CLANG_WARN_OBJC_ROOT_CLASS = YES_ERROR;
				CLANG_WARN__DUPLICATE_METHOD_MATCH = YES;
				"CODE_SIGN_IDENTITY[sdk=iphoneos*]" = "iPhone Developer";
				COPY_PHASE_STRIP = NO;
				GCC_C_LANGUAGE_STANDARD = gnu99;
				GCC_DYNAMIC_NO_PIC = NO;
				GCC_OPTIMIZATION_LEVEL = 0;
				GCC_PREPROCESSOR_DEFINITIONS = (
					"DEBUG=1",
					"$(inherited)",
				);
				GCC_SYMBOLS_PRIVATE_EXTERN = NO;
				GCC_WARN_64_TO_32_BIT_CONVERSION = YES;
				GCC_WARN_ABOUT_RETURN_TYPE = YES_ERROR;
				GCC_WARN_UNDECLARED_SELECTOR = YES;
				GCC_WARN_UNINITIALIZED_AUTOS = YES_AGGRESSIVE;
				GCC_WARN_UNUSED_FUNCTION = YES;
				GCC_WARN_UNUSED_VARIABLE = YES;
				IPHONEOS_DEPLOYMENT_TARGET = 7.1;
				ONLY_ACTIVE_ARCH = YES;
				SDKROOT = iphoneos;
				TARGETED_DEVICE_FAMILY = "1,2";
			};
			name = Debug;
		};
		E7EB66EC19554E290069FD71 /* Release */ = {
			isa = XCBuildConfiguration;
			buildSettings = {
				ALWAYS_SEARCH_USER_PATHS = NO;
				CLANG_CXX_LANGUAGE_STANDARD = "gnu++0x";
				CLANG_CXX_LIBRARY = "libc++";
				CLANG_ENABLE_MODULES = YES;
				CLANG_ENABLE_OBJC_ARC = YES;
				CLANG_WARN_BOOL_CONVERSION = YES;
				CLANG_WARN_CONSTANT_CONVERSION = YES;
				CLANG_WARN_DIRECT_OBJC_ISA_USAGE = YES_ERROR;
				CLANG_WARN_EMPTY_BODY = YES;
				CLANG_WARN_ENUM_CONVERSION = YES;
				CLANG_WARN_INT_CONVERSION = YES;
				CLANG_WARN_OBJC_ROOT_CLASS = YES_ERROR;
				CLANG_WARN__DUPLICATE_METHOD_MATCH = YES;
				"CODE_SIGN_IDENTITY[sdk=iphoneos*]" = "iPhone Developer";
				COPY_PHASE_STRIP = YES;
				ENABLE_NS_ASSERTIONS = NO;
				GCC_C_LANGUAGE_STANDARD = gnu99;
				GCC_WARN_64_TO_32_BIT_CONVERSION = YES;
				GCC_WARN_ABOUT_RETURN_TYPE = YES_ERROR;
				GCC_WARN_UNDECLARED_SELECTOR = YES;
				GCC_WARN_UNINITIALIZED_AUTOS = YES_AGGRESSIVE;
				GCC_WARN_UNUSED_FUNCTION = YES;
				GCC_WARN_UNUSED_VARIABLE = YES;
				IPHONEOS_DEPLOYMENT_TARGET = 7.1;
				SDKROOT = iphoneos;
				TARGETED_DEVICE_FAMILY = "1,2";
				VALIDATE_PRODUCT = YES;
			};
			name = Release;
		};
		E7EB66EE19554E290069FD71 /* Debug */ = {
			isa = XCBuildConfiguration;
			baseConfigurationReference = 68052F00A60744809CFBF1EF /* Pods-hackfoldr-iOS.xcconfig */;
			buildSettings = {
				ASSETCATALOG_COMPILER_APPICON_NAME = AppIcon;
				ASSETCATALOG_COMPILER_LAUNCHIMAGE_NAME = LaunchImage;
				CODE_SIGN_IDENTITY = "iPhone Developer";
				GCC_PRECOMPILE_PREFIX_HEADER = YES;
				GCC_PREFIX_HEADER = "hackfoldr-iOS/hackfoldr-iOS-Prefix.pch";
				INFOPLIST_FILE = "hackfoldr-iOS/hackfoldr-iOS-Info.plist";
				IPHONEOS_DEPLOYMENT_TARGET = 7.0;
				PRODUCT_NAME = "$(TARGET_NAME)";
				WRAPPER_EXTENSION = app;
			};
			name = Debug;
		};
		E7EB66EF19554E290069FD71 /* Release */ = {
			isa = XCBuildConfiguration;
			baseConfigurationReference = 68052F00A60744809CFBF1EF /* Pods-hackfoldr-iOS.xcconfig */;
			buildSettings = {
				ASSETCATALOG_COMPILER_APPICON_NAME = AppIcon;
				ASSETCATALOG_COMPILER_LAUNCHIMAGE_NAME = LaunchImage;
				CODE_SIGN_IDENTITY = "iPhone Developer";
				GCC_PRECOMPILE_PREFIX_HEADER = YES;
				GCC_PREFIX_HEADER = "hackfoldr-iOS/hackfoldr-iOS-Prefix.pch";
				INFOPLIST_FILE = "hackfoldr-iOS/hackfoldr-iOS-Info.plist";
				IPHONEOS_DEPLOYMENT_TARGET = 7.0;
				PRODUCT_NAME = "$(TARGET_NAME)";
				WRAPPER_EXTENSION = app;
			};
			name = Release;
		};
		E7EB66F119554E290069FD71 /* Debug */ = {
			isa = XCBuildConfiguration;
			baseConfigurationReference = A42D435D2F5D4FFDA4B372F8 /* Pods-hackfoldr-iOSTests.xcconfig */;
			buildSettings = {
				BUNDLE_LOADER = "$(BUILT_PRODUCTS_DIR)/hackfoldr-iOS.app/hackfoldr-iOS";
				FRAMEWORK_SEARCH_PATHS = (
					"$(SDKROOT)/Developer/Library/Frameworks",
					"$(inherited)",
					"$(DEVELOPER_FRAMEWORKS_DIR)",
				);
				GCC_PRECOMPILE_PREFIX_HEADER = YES;
				GCC_PREFIX_HEADER = "hackfoldr-iOS/hackfoldr-iOS-Prefix.pch";
				GCC_PREPROCESSOR_DEFINITIONS = (
					"DEBUG=1",
					"$(inherited)",
				);
				INFOPLIST_FILE = "hackfoldr-iOSTests/hackfoldr-iOSTests-Info.plist";
				PRODUCT_NAME = "$(TARGET_NAME)";
				TEST_HOST = "$(BUNDLE_LOADER)";
				WRAPPER_EXTENSION = xctest;
			};
			name = Debug;
		};
		E7EB66F219554E290069FD71 /* Release */ = {
			isa = XCBuildConfiguration;
			baseConfigurationReference = A42D435D2F5D4FFDA4B372F8 /* Pods-hackfoldr-iOSTests.xcconfig */;
			buildSettings = {
				BUNDLE_LOADER = "$(BUILT_PRODUCTS_DIR)/hackfoldr-iOS.app/hackfoldr-iOS";
				FRAMEWORK_SEARCH_PATHS = (
					"$(SDKROOT)/Developer/Library/Frameworks",
					"$(inherited)",
					"$(DEVELOPER_FRAMEWORKS_DIR)",
				);
				GCC_PRECOMPILE_PREFIX_HEADER = YES;
				GCC_PREFIX_HEADER = "hackfoldr-iOS/hackfoldr-iOS-Prefix.pch";
				INFOPLIST_FILE = "hackfoldr-iOSTests/hackfoldr-iOSTests-Info.plist";
				PRODUCT_NAME = "$(TARGET_NAME)";
				TEST_HOST = "$(BUNDLE_LOADER)";
				WRAPPER_EXTENSION = xctest;
			};
			name = Release;
		};
/* End XCBuildConfiguration section */

/* Begin XCConfigurationList section */
		E7EB66B319554E290069FD71 /* Build configuration list for PBXProject "hackfoldr-iOS" */ = {
			isa = XCConfigurationList;
			buildConfigurations = (
				E7EB66EB19554E290069FD71 /* Debug */,
				E7EB66EC19554E290069FD71 /* Release */,
			);
			defaultConfigurationIsVisible = 0;
			defaultConfigurationName = Release;
		};
		E7EB66ED19554E290069FD71 /* Build configuration list for PBXNativeTarget "hackfoldr-iOS" */ = {
			isa = XCConfigurationList;
			buildConfigurations = (
				E7EB66EE19554E290069FD71 /* Debug */,
				E7EB66EF19554E290069FD71 /* Release */,
			);
			defaultConfigurationIsVisible = 0;
			defaultConfigurationName = Release;
		};
		E7EB66F019554E290069FD71 /* Build configuration list for PBXNativeTarget "hackfoldr-iOSTests" */ = {
			isa = XCConfigurationList;
			buildConfigurations = (
				E7EB66F119554E290069FD71 /* Debug */,
				E7EB66F219554E290069FD71 /* Release */,
			);
			defaultConfigurationIsVisible = 0;
			defaultConfigurationName = Release;
		};
/* End XCConfigurationList section */
	};
	rootObject = E7EB66B019554E290069FD71 /* Project object */;
}
