// !$*UTF8*$!
{
	archiveVersion = 1;
	classes = {
	};
	objectVersion = 46;
	objects = {

/* Begin PBXBuildFile section */
		84FEEA5C40A246A495BB0AA2 /* libPods-hackfoldr-iOSTests.a in Frameworks */ = {isa = PBXBuildFile; fileRef = 49BF3E8BC95B4A9183627B72 /* libPods-hackfoldr-iOSTests.a */; };
		882E652A19B2D5920054E522 /* ListFieldViewController.m in Sources */ = {isa = PBXBuildFile; fileRef = 882E652919B2D5920054E522 /* ListFieldViewController.m */; };
		E70F906D1A77F72200BF4B25 /* NSUserDefaults+DefaultHackfoldrPage.m in Sources */ = {isa = PBXBuildFile; fileRef = E70F906C1A77F72200BF4B25 /* NSUserDefaults+DefaultHackfoldrPage.m */; };
		E71D192A1956CE5500B57207 /* HackfoldrClient.m in Sources */ = {isa = PBXBuildFile; fileRef = E71D19291956CE5500B57207 /* HackfoldrClient.m */; };
		E71D192D1956CFB600B57207 /* HackfoldrField.m in Sources */ = {isa = PBXBuildFile; fileRef = E71D192C1956CFB600B57207 /* HackfoldrField.m */; };
		E755907A1AEAB595007337B1 /* Hackfoldr.strings in Resources */ = {isa = PBXBuildFile; fileRef = E75590781AEAB595007337B1 /* Hackfoldr.strings */; };
		E79424AE1ACEEDCF00558AE9 /* HackoldrModel.xcdatamodeld in Sources */ = {isa = PBXBuildFile; fileRef = E79424AC1ACEEDCF00558AE9 /* HackoldrModel.xcdatamodeld */; };
		E79424B11ACEEF6400558AE9 /* HackfoldrHistory.m in Sources */ = {isa = PBXBuildFile; fileRef = E79424B01ACEEF6400558AE9 /* HackfoldrHistory.m */; };
		E79424B31ACF015300558AE9 /* sample.csv.json in Resources */ = {isa = PBXBuildFile; fileRef = E79424B21ACF015300558AE9 /* sample.csv.json */; };
		E7B1DD8A195AEE7D00768FFA /* TOWebViewController+HackfoldrField.m in Sources */ = {isa = PBXBuildFile; fileRef = E7B1DD89195AEE7D00768FFA /* TOWebViewController+HackfoldrField.m */; };
		E7EB66BC19554E290069FD71 /* Foundation.framework in Frameworks */ = {isa = PBXBuildFile; fileRef = E7EB66BB19554E290069FD71 /* Foundation.framework */; };
		E7EB66BE19554E290069FD71 /* CoreGraphics.framework in Frameworks */ = {isa = PBXBuildFile; fileRef = E7EB66BD19554E290069FD71 /* CoreGraphics.framework */; };
		E7EB66C019554E290069FD71 /* UIKit.framework in Frameworks */ = {isa = PBXBuildFile; fileRef = E7EB66BF19554E290069FD71 /* UIKit.framework */; };
		E7EB66C619554E290069FD71 /* InfoPlist.strings in Resources */ = {isa = PBXBuildFile; fileRef = E7EB66C419554E290069FD71 /* InfoPlist.strings */; };
		E7EB66C819554E290069FD71 /* main.m in Sources */ = {isa = PBXBuildFile; fileRef = E7EB66C719554E290069FD71 /* main.m */; };
		E7EB66CC19554E290069FD71 /* AppDelegate.m in Sources */ = {isa = PBXBuildFile; fileRef = E7EB66CB19554E290069FD71 /* AppDelegate.m */; };
		E7EB66D519554E290069FD71 /* MainViewController.m in Sources */ = {isa = PBXBuildFile; fileRef = E7EB66D419554E290069FD71 /* MainViewController.m */; };
		E7EB66D719554E290069FD71 /* Images.xcassets in Resources */ = {isa = PBXBuildFile; fileRef = E7EB66D619554E290069FD71 /* Images.xcassets */; };
		E7EB66DE19554E290069FD71 /* XCTest.framework in Frameworks */ = {isa = PBXBuildFile; fileRef = E7EB66DD19554E290069FD71 /* XCTest.framework */; };
		E7EB66DF19554E290069FD71 /* Foundation.framework in Frameworks */ = {isa = PBXBuildFile; fileRef = E7EB66BB19554E290069FD71 /* Foundation.framework */; };
		E7EB66E019554E290069FD71 /* UIKit.framework in Frameworks */ = {isa = PBXBuildFile; fileRef = E7EB66BF19554E290069FD71 /* UIKit.framework */; };
		E7EB66E819554E290069FD71 /* InfoPlist.strings in Resources */ = {isa = PBXBuildFile; fileRef = E7EB66E619554E290069FD71 /* InfoPlist.strings */; };
		E7EB66EA19554E290069FD71 /* hackfoldr_iOSTests.m in Sources */ = {isa = PBXBuildFile; fileRef = E7EB66E919554E290069FD71 /* hackfoldr_iOSTests.m */; };
		E7F7482A1955878C00262A34 /* QuartzCore.framework in Frameworks */ = {isa = PBXBuildFile; fileRef = E7F748291955878C00262A34 /* QuartzCore.framework */; };
		E7F9558719570D4E0098661E /* HackfoldrPage.m in Sources */ = {isa = PBXBuildFile; fileRef = E7F9558619570D4E0098661E /* HackfoldrPage.m */; };
		F8C75494381B4A8B87C9B571 /* libPods-hackfoldr-iOS.a in Frameworks */ = {isa = PBXBuildFile; fileRef = 592911384328487494648D2E /* libPods-hackfoldr-iOS.a */; };
/* End PBXBuildFile section */

/* Begin PBXContainerItemProxy section */
		E7EB66E119554E290069FD71 /* PBXContainerItemProxy */ = {
			isa = PBXContainerItemProxy;
			containerPortal = E7EB66B019554E290069FD71 /* Project object */;
			proxyType = 1;
			remoteGlobalIDString = E7EB66B719554E290069FD71;
			remoteInfo = "hackfoldr-iOS";
		};
/* End PBXContainerItemProxy section */

/* Begin PBXFileReference section */
		027535827D0C4373601413DC /* Pods-hackfoldr-iOSTests.release.xcconfig */ = {isa = PBXFileReference; includeInIndex = 1; lastKnownFileType = text.xcconfig; name = "Pods-hackfoldr-iOSTests.release.xcconfig"; path = "Pods/Target Support Files/Pods-hackfoldr-iOSTests/Pods-hackfoldr-iOSTests.release.xcconfig"; sourceTree = "<group>"; };
		49BF3E8BC95B4A9183627B72 /* libPods-hackfoldr-iOSTests.a */ = {isa = PBXFileReference; explicitFileType = archive.ar; includeInIndex = 0; path = "libPods-hackfoldr-iOSTests.a"; sourceTree = BUILT_PRODUCTS_DIR; };
		522D20859EE8892A57507769 /* Pods-hackfoldr-iOSTests.debug.xcconfig */ = {isa = PBXFileReference; includeInIndex = 1; lastKnownFileType = text.xcconfig; name = "Pods-hackfoldr-iOSTests.debug.xcconfig"; path = "Pods/Target Support Files/Pods-hackfoldr-iOSTests/Pods-hackfoldr-iOSTests.debug.xcconfig"; sourceTree = "<group>"; };
		592911384328487494648D2E /* libPods-hackfoldr-iOS.a */ = {isa = PBXFileReference; explicitFileType = archive.ar; includeInIndex = 0; path = "libPods-hackfoldr-iOS.a"; sourceTree = BUILT_PRODUCTS_DIR; };
		5CCF71AC7BC4CF830F234ACB /* Pods-hackfoldr-iOS.release.xcconfig */ = {isa = PBXFileReference; includeInIndex = 1; lastKnownFileType = text.xcconfig; name = "Pods-hackfoldr-iOS.release.xcconfig"; path = "Pods/Target Support Files/Pods-hackfoldr-iOS/Pods-hackfoldr-iOS.release.xcconfig"; sourceTree = "<group>"; };
		882E652819B2D5920054E522 /* ListFieldViewController.h */ = {isa = PBXFileReference; fileEncoding = 4; lastKnownFileType = sourcecode.c.h; name = ListFieldViewController.h; path = "hackfoldr-iOS/ListFieldViewController.h"; sourceTree = "<group>"; };
		882E652919B2D5920054E522 /* ListFieldViewController.m */ = {isa = PBXFileReference; fileEncoding = 4; lastKnownFileType = sourcecode.c.objc; name = ListFieldViewController.m; path = "hackfoldr-iOS/ListFieldViewController.m"; sourceTree = "<group>"; };
		D9B6887CD0441DC6A72CAC63 /* Pods-hackfoldr-iOS.debug.xcconfig */ = {isa = PBXFileReference; includeInIndex = 1; lastKnownFileType = text.xcconfig; name = "Pods-hackfoldr-iOS.debug.xcconfig"; path = "Pods/Target Support Files/Pods-hackfoldr-iOS/Pods-hackfoldr-iOS.debug.xcconfig"; sourceTree = "<group>"; };
		E70F906B1A77F72200BF4B25 /* NSUserDefaults+DefaultHackfoldrPage.h */ = {isa = PBXFileReference; fileEncoding = 4; lastKnownFileType = sourcecode.c.h; name = "NSUserDefaults+DefaultHackfoldrPage.h"; path = "hackfoldr-iOS/NSUserDefaults+DefaultHackfoldrPage.h"; sourceTree = "<group>"; };
		E70F906C1A77F72200BF4B25 /* NSUserDefaults+DefaultHackfoldrPage.m */ = {isa = PBXFileReference; fileEncoding = 4; lastKnownFileType = sourcecode.c.objc; name = "NSUserDefaults+DefaultHackfoldrPage.m"; path = "hackfoldr-iOS/NSUserDefaults+DefaultHackfoldrPage.m"; sourceTree = "<group>"; };
		E71D19281956CE5500B57207 /* HackfoldrClient.h */ = {isa = PBXFileReference; fileEncoding = 4; lastKnownFileType = sourcecode.c.h; name = HackfoldrClient.h; path = "hackfoldr-iOS/HackfoldrClient.h"; sourceTree = "<group>"; };
		E71D19291956CE5500B57207 /* HackfoldrClient.m */ = {isa = PBXFileReference; fileEncoding = 4; lastKnownFileType = sourcecode.c.objc; name = HackfoldrClient.m; path = "hackfoldr-iOS/HackfoldrClient.m"; sourceTree = "<group>"; };
		E71D192B1956CFB600B57207 /* HackfoldrField.h */ = {isa = PBXFileReference; fileEncoding = 4; lastKnownFileType = sourcecode.c.h; name = HackfoldrField.h; path = "hackfoldr-iOS/HackfoldrField.h"; sourceTree = "<group>"; };
		E71D192C1956CFB600B57207 /* HackfoldrField.m */ = {isa = PBXFileReference; fileEncoding = 4; lastKnownFileType = sourcecode.c.objc; name = HackfoldrField.m; path = "hackfoldr-iOS/HackfoldrField.m"; sourceTree = "<group>"; };
		E75590791AEAB595007337B1 /* zh-Hant */ = {isa = PBXFileReference; lastKnownFileType = text.plist.strings; name = "zh-Hant"; path = "zh-Hant.lproj/Hackfoldr.strings"; sourceTree = "<group>"; };
		E755907B1AEAB5A0007337B1 /* en */ = {isa = PBXFileReference; lastKnownFileType = text.plist.strings; name = en; path = en.lproj/Hackfoldr.strings; sourceTree = "<group>"; };
		E79424AD1ACEEDCF00558AE9 /* HackoldrModel.xcdatamodel */ = {isa = PBXFileReference; lastKnownFileType = wrapper.xcdatamodel; path = HackoldrModel.xcdatamodel; sourceTree = "<group>"; };
		E79424AF1ACEEF6400558AE9 /* HackfoldrHistory.h */ = {isa = PBXFileReference; fileEncoding = 4; lastKnownFileType = sourcecode.c.h; name = HackfoldrHistory.h; path = "hackfoldr-iOS/HackfoldrHistory.h"; sourceTree = "<group>"; };
		E79424B01ACEEF6400558AE9 /* HackfoldrHistory.m */ = {isa = PBXFileReference; fileEncoding = 4; lastKnownFileType = sourcecode.c.objc; name = HackfoldrHistory.m; path = "hackfoldr-iOS/HackfoldrHistory.m"; sourceTree = "<group>"; };
		E79424B21ACF015300558AE9 /* sample.csv.json */ = {isa = PBXFileReference; fileEncoding = 4; lastKnownFileType = text.json; name = sample.csv.json; path = TestData/sample.csv.json; sourceTree = "<group>"; };
		E7B1DD88195AEE7D00768FFA /* TOWebViewController+HackfoldrField.h */ = {isa = PBXFileReference; fileEncoding = 4; lastKnownFileType = sourcecode.c.h; name = "TOWebViewController+HackfoldrField.h"; path = "hackfoldr-iOS/TOWebViewController+HackfoldrField.h"; sourceTree = "<group>"; };
		E7B1DD89195AEE7D00768FFA /* TOWebViewController+HackfoldrField.m */ = {isa = PBXFileReference; fileEncoding = 4; lastKnownFileType = sourcecode.c.objc; name = "TOWebViewController+HackfoldrField.m"; path = "hackfoldr-iOS/TOWebViewController+HackfoldrField.m"; sourceTree = "<group>"; };
		E7EB66B819554E290069FD71 /* hackfoldr-iOS.app */ = {isa = PBXFileReference; explicitFileType = wrapper.application; includeInIndex = 0; path = "hackfoldr-iOS.app"; sourceTree = BUILT_PRODUCTS_DIR; };
		E7EB66BB19554E290069FD71 /* Foundation.framework */ = {isa = PBXFileReference; lastKnownFileType = wrapper.framework; name = Foundation.framework; path = System/Library/Frameworks/Foundation.framework; sourceTree = SDKROOT; };
		E7EB66BD19554E290069FD71 /* CoreGraphics.framework */ = {isa = PBXFileReference; lastKnownFileType = wrapper.framework; name = CoreGraphics.framework; path = System/Library/Frameworks/CoreGraphics.framework; sourceTree = SDKROOT; };
		E7EB66BF19554E290069FD71 /* UIKit.framework */ = {isa = PBXFileReference; lastKnownFileType = wrapper.framework; name = UIKit.framework; path = System/Library/Frameworks/UIKit.framework; sourceTree = SDKROOT; };
		E7EB66C319554E290069FD71 /* hackfoldr-iOS-Info.plist */ = {isa = PBXFileReference; lastKnownFileType = text.plist.xml; path = "hackfoldr-iOS-Info.plist"; sourceTree = "<group>"; };
		E7EB66C519554E290069FD71 /* en */ = {isa = PBXFileReference; lastKnownFileType = text.plist.strings; name = en; path = en.lproj/InfoPlist.strings; sourceTree = "<group>"; };
		E7EB66C719554E290069FD71 /* main.m */ = {isa = PBXFileReference; lastKnownFileType = sourcecode.c.objc; path = main.m; sourceTree = "<group>"; };
		E7EB66C919554E290069FD71 /* hackfoldr-iOS-Prefix.pch */ = {isa = PBXFileReference; lastKnownFileType = sourcecode.c.h; path = "hackfoldr-iOS-Prefix.pch"; sourceTree = "<group>"; };
		E7EB66CA19554E290069FD71 /* AppDelegate.h */ = {isa = PBXFileReference; lastKnownFileType = sourcecode.c.h; path = AppDelegate.h; sourceTree = "<group>"; };
		E7EB66CB19554E290069FD71 /* AppDelegate.m */ = {isa = PBXFileReference; lastKnownFileType = sourcecode.c.objc; path = AppDelegate.m; sourceTree = "<group>"; };
		E7EB66D319554E290069FD71 /* MainViewController.h */ = {isa = PBXFileReference; lastKnownFileType = sourcecode.c.h; name = MainViewController.h; path = "hackfoldr-iOS/MainViewController.h"; sourceTree = "<group>"; };
		E7EB66D419554E290069FD71 /* MainViewController.m */ = {isa = PBXFileReference; lastKnownFileType = sourcecode.c.objc; name = MainViewController.m; path = "hackfoldr-iOS/MainViewController.m"; sourceTree = "<group>"; };
		E7EB66D619554E290069FD71 /* Images.xcassets */ = {isa = PBXFileReference; lastKnownFileType = folder.assetcatalog; path = Images.xcassets; sourceTree = "<group>"; };
		E7EB66DC19554E290069FD71 /* hackfoldr-iOSTests.xctest */ = {isa = PBXFileReference; explicitFileType = wrapper.cfbundle; includeInIndex = 0; path = "hackfoldr-iOSTests.xctest"; sourceTree = BUILT_PRODUCTS_DIR; };
		E7EB66DD19554E290069FD71 /* XCTest.framework */ = {isa = PBXFileReference; lastKnownFileType = wrapper.framework; name = XCTest.framework; path = Library/Frameworks/XCTest.framework; sourceTree = DEVELOPER_DIR; };
		E7EB66E519554E290069FD71 /* hackfoldr-iOSTests-Info.plist */ = {isa = PBXFileReference; lastKnownFileType = text.plist.xml; path = "hackfoldr-iOSTests-Info.plist"; sourceTree = "<group>"; };
		E7EB66E719554E290069FD71 /* en */ = {isa = PBXFileReference; lastKnownFileType = text.plist.strings; name = en; path = en.lproj/InfoPlist.strings; sourceTree = "<group>"; };
		E7EB66E919554E290069FD71 /* hackfoldr_iOSTests.m */ = {isa = PBXFileReference; lastKnownFileType = sourcecode.c.objc; path = hackfoldr_iOSTests.m; sourceTree = "<group>"; };
		E7F748291955878C00262A34 /* QuartzCore.framework */ = {isa = PBXFileReference; lastKnownFileType = wrapper.framework; name = QuartzCore.framework; path = System/Library/Frameworks/QuartzCore.framework; sourceTree = SDKROOT; };
		E7F9558519570D4E0098661E /* HackfoldrPage.h */ = {isa = PBXFileReference; fileEncoding = 4; lastKnownFileType = sourcecode.c.h; name = HackfoldrPage.h; path = "hackfoldr-iOS/HackfoldrPage.h"; sourceTree = "<group>"; };
		E7F9558619570D4E0098661E /* HackfoldrPage.m */ = {isa = PBXFileReference; fileEncoding = 4; lastKnownFileType = sourcecode.c.objc; name = HackfoldrPage.m; path = "hackfoldr-iOS/HackfoldrPage.m"; sourceTree = "<group>"; };
/* End PBXFileReference section */

/* Begin PBXFrameworksBuildPhase section */
		E7EB66B519554E290069FD71 /* Frameworks */ = {
			isa = PBXFrameworksBuildPhase;
			buildActionMask = 2147483647;
			files = (
				E7F7482A1955878C00262A34 /* QuartzCore.framework in Frameworks */,
				E7EB66BE19554E290069FD71 /* CoreGraphics.framework in Frameworks */,
				E7EB66C019554E290069FD71 /* UIKit.framework in Frameworks */,
				E7EB66BC19554E290069FD71 /* Foundation.framework in Frameworks */,
				F8C75494381B4A8B87C9B571 /* libPods-hackfoldr-iOS.a in Frameworks */,
			);
			runOnlyForDeploymentPostprocessing = 0;
		};
		E7EB66D919554E290069FD71 /* Frameworks */ = {
			isa = PBXFrameworksBuildPhase;
			buildActionMask = 2147483647;
			files = (
				E7EB66DE19554E290069FD71 /* XCTest.framework in Frameworks */,
				E7EB66E019554E290069FD71 /* UIKit.framework in Frameworks */,
				E7EB66DF19554E290069FD71 /* Foundation.framework in Frameworks */,
				84FEEA5C40A246A495BB0AA2 /* libPods-hackfoldr-iOSTests.a in Frameworks */,
			);
			runOnlyForDeploymentPostprocessing = 0;
		};
/* End PBXFrameworksBuildPhase section */

/* Begin PBXGroup section */
		61E95886120C8CA58C6FE18A /* Pods */ = {
			isa = PBXGroup;
			children = (
				D9B6887CD0441DC6A72CAC63 /* Pods-hackfoldr-iOS.debug.xcconfig */,
				5CCF71AC7BC4CF830F234ACB /* Pods-hackfoldr-iOS.release.xcconfig */,
				522D20859EE8892A57507769 /* Pods-hackfoldr-iOSTests.debug.xcconfig */,
				027535827D0C4373601413DC /* Pods-hackfoldr-iOSTests.release.xcconfig */,
			);
			name = Pods;
			sourceTree = "<group>";
		};
		E70F906E1A77F7A300BF4B25 /* Extensions */ = {
			isa = PBXGroup;
			children = (
				E70F906B1A77F72200BF4B25 /* NSUserDefaults+DefaultHackfoldrPage.h */,
				E70F906C1A77F72200BF4B25 /* NSUserDefaults+DefaultHackfoldrPage.m */,
			);
			name = Extensions;
			sourceTree = "<group>";
		};
		E71D192E1956DAF800B57207 /* Models */ = {
			isa = PBXGroup;
			children = (
				E71D192B1956CFB600B57207 /* HackfoldrField.h */,
				E71D192C1956CFB600B57207 /* HackfoldrField.m */,
				E79424AF1ACEEF6400558AE9 /* HackfoldrHistory.h */,
				E79424B01ACEEF6400558AE9 /* HackfoldrHistory.m */,
				E7F9558519570D4E0098661E /* HackfoldrPage.h */,
				E7F9558619570D4E0098661E /* HackfoldrPage.m */,
				E79424AC1ACEEDCF00558AE9 /* HackoldrModel.xcdatamodeld */,
			);
			name = Models;
			sourceTree = "<group>";
		};
		E71D192F1956DB0300B57207 /* Client */ = {
			isa = PBXGroup;
			children = (
				E71D19281956CE5500B57207 /* HackfoldrClient.h */,
				E71D19291956CE5500B57207 /* HackfoldrClient.m */,
			);
			name = Client;
			sourceTree = "<group>";
		};
		E7B1DD871959AFE700768FFA /* ViewController */ = {
			isa = PBXGroup;
			children = (
				882E652819B2D5920054E522 /* ListFieldViewController.h */,
				882E652919B2D5920054E522 /* ListFieldViewController.m */,
				E7EB66D319554E290069FD71 /* MainViewController.h */,
				E7EB66D419554E290069FD71 /* MainViewController.m */,
				E7B1DD88195AEE7D00768FFA /* TOWebViewController+HackfoldrField.h */,
				E7B1DD89195AEE7D00768FFA /* TOWebViewController+HackfoldrField.m */,
			);
			name = ViewController;
			sourceTree = "<group>";
		};
		E7EB66AF19554E290069FD71 = {
			isa = PBXGroup;
			children = (
				E7B1DD871959AFE700768FFA /* ViewController */,
				E71D192F1956DB0300B57207 /* Client */,
				E70F906E1A77F7A300BF4B25 /* Extensions */,
				E71D192E1956DAF800B57207 /* Models */,
				E7EB66BA19554E290069FD71 /* Frameworks */,
				E7EB66C119554E290069FD71 /* hackfoldr-iOS */,
				E7EB66E319554E290069FD71 /* hackfoldr-iOSTests */,
				61E95886120C8CA58C6FE18A /* Pods */,
				E7EB66B919554E290069FD71 /* Products */,
			);
			sourceTree = "<group>";
		};
		E7EB66B919554E290069FD71 /* Products */ = {
			isa = PBXGroup;
			children = (
				E7EB66B819554E290069FD71 /* hackfoldr-iOS.app */,
				E7EB66DC19554E290069FD71 /* hackfoldr-iOSTests.xctest */,
			);
			name = Products;
			sourceTree = "<group>";
		};
		E7EB66BA19554E290069FD71 /* Frameworks */ = {
			isa = PBXGroup;
			children = (
				E7F748291955878C00262A34 /* QuartzCore.framework */,
				E7EB66BB19554E290069FD71 /* Foundation.framework */,
				E7EB66BD19554E290069FD71 /* CoreGraphics.framework */,
				E7EB66BF19554E290069FD71 /* UIKit.framework */,
				E7EB66DD19554E290069FD71 /* XCTest.framework */,
				592911384328487494648D2E /* libPods-hackfoldr-iOS.a */,
				49BF3E8BC95B4A9183627B72 /* libPods-hackfoldr-iOSTests.a */,
			);
			name = Frameworks;
			sourceTree = "<group>";
		};
		E7EB66C119554E290069FD71 /* hackfoldr-iOS */ = {
			isa = PBXGroup;
			children = (
				E7EB66CA19554E290069FD71 /* AppDelegate.h */,
				E7EB66CB19554E290069FD71 /* AppDelegate.m */,
				E7EB66D619554E290069FD71 /* Images.xcassets */,
				E7EB66C219554E290069FD71 /* Supporting Files */,
			);
			path = "hackfoldr-iOS";
			sourceTree = "<group>";
		};
		E7EB66C219554E290069FD71 /* Supporting Files */ = {
			isa = PBXGroup;
			children = (
				E7EB66C319554E290069FD71 /* hackfoldr-iOS-Info.plist */,
				E7EB66C919554E290069FD71 /* hackfoldr-iOS-Prefix.pch */,
				E75590781AEAB595007337B1 /* Hackfoldr.strings */,
				E7EB66C419554E290069FD71 /* InfoPlist.strings */,
				E7EB66C719554E290069FD71 /* main.m */,
			);
			name = "Supporting Files";
			sourceTree = "<group>";
		};
		E7EB66E319554E290069FD71 /* hackfoldr-iOSTests */ = {
			isa = PBXGroup;
			children = (
				E79424B21ACF015300558AE9 /* sample.csv.json */,
				E7EB66E919554E290069FD71 /* hackfoldr_iOSTests.m */,
				E7EB66E419554E290069FD71 /* Supporting Files */,
			);
			path = "hackfoldr-iOSTests";
			sourceTree = "<group>";
		};
		E7EB66E419554E290069FD71 /* Supporting Files */ = {
			isa = PBXGroup;
			children = (
				E7EB66E519554E290069FD71 /* hackfoldr-iOSTests-Info.plist */,
				E7EB66E619554E290069FD71 /* InfoPlist.strings */,
			);
			name = "Supporting Files";
			sourceTree = "<group>";
		};
/* End PBXGroup section */

/* Begin PBXNativeTarget section */
		E7EB66B719554E290069FD71 /* hackfoldr-iOS */ = {
			isa = PBXNativeTarget;
			buildConfigurationList = E7EB66ED19554E290069FD71 /* Build configuration list for PBXNativeTarget "hackfoldr-iOS" */;
			buildPhases = (
				F62215F8E8C94E159E6864B0 /* Check Pods Manifest.lock */,
				E7EB66B419554E290069FD71 /* Sources */,
				E7EB66B519554E290069FD71 /* Frameworks */,
				E7EB66B619554E290069FD71 /* Resources */,
				F8ECB66B724E4F56BFCD72D5 /* Copy Pods Resources */,
				E7118A521AD4FFB7007608C0 /* Update app bundle version */,
				BBA05411B5E5EB9236B8E4CD /* Embed Pods Frameworks */,
			);
			buildRules = (
			);
			dependencies = (
			);
			name = "hackfoldr-iOS";
			productName = "hackfoldr-iOS";
			productReference = E7EB66B819554E290069FD71 /* hackfoldr-iOS.app */;
			productType = "com.apple.product-type.application";
		};
		E7EB66DB19554E290069FD71 /* hackfoldr-iOSTests */ = {
			isa = PBXNativeTarget;
			buildConfigurationList = E7EB66F019554E290069FD71 /* Build configuration list for PBXNativeTarget "hackfoldr-iOSTests" */;
			buildPhases = (
				B7D95A8A23B2466384102BEF /* Check Pods Manifest.lock */,
				E7EB66D819554E290069FD71 /* Sources */,
				E7EB66D919554E290069FD71 /* Frameworks */,
				E7EB66DA19554E290069FD71 /* Resources */,
				D3FA1659305847ED9A84D75F /* Copy Pods Resources */,
				F352A8386AA6B655CA2536AC /* Embed Pods Frameworks */,
			);
			buildRules = (
			);
			dependencies = (
				E7EB66E219554E290069FD71 /* PBXTargetDependency */,
			);
			name = "hackfoldr-iOSTests";
			productName = "hackfoldr-iOSTests";
			productReference = E7EB66DC19554E290069FD71 /* hackfoldr-iOSTests.xctest */;
			productType = "com.apple.product-type.bundle.unit-test";
		};
/* End PBXNativeTarget section */

/* Begin PBXProject section */
		E7EB66B019554E290069FD71 /* Project object */ = {
			isa = PBXProject;
			attributes = {
				LastUpgradeCheck = 0510;
				ORGANIZATIONNAME = org.superbil;
				TargetAttributes = {
					E7EB66DB19554E290069FD71 = {
						TestTargetID = E7EB66B719554E290069FD71;
					};
				};
			};
			buildConfigurationList = E7EB66B319554E290069FD71 /* Build configuration list for PBXProject "hackfoldr-iOS" */;
			compatibilityVersion = "Xcode 3.2";
			developmentRegion = English;
			hasScannedForEncodings = 0;
			knownRegions = (
				en,
				Base,
				"zh-Hant",
			);
			mainGroup = E7EB66AF19554E290069FD71;
			productRefGroup = E7EB66B919554E290069FD71 /* Products */;
			projectDirPath = "";
			projectRoot = "";
			targets = (
				E7EB66B719554E290069FD71 /* hackfoldr-iOS */,
				E7EB66DB19554E290069FD71 /* hackfoldr-iOSTests */,
			);
		};
/* End PBXProject section */

/* Begin PBXResourcesBuildPhase section */
		E7EB66B619554E290069FD71 /* Resources */ = {
			isa = PBXResourcesBuildPhase;
			buildActionMask = 2147483647;
			files = (
				E7EB66D719554E290069FD71 /* Images.xcassets in Resources */,
				E7EB66C619554E290069FD71 /* InfoPlist.strings in Resources */,
				E755907A1AEAB595007337B1 /* Hackfoldr.strings in Resources */,
			);
			runOnlyForDeploymentPostprocessing = 0;
		};
		E7EB66DA19554E290069FD71 /* Resources */ = {
			isa = PBXResourcesBuildPhase;
			buildActionMask = 2147483647;
			files = (
				E7EB66E819554E290069FD71 /* InfoPlist.strings in Resources */,
				E79424B31ACF015300558AE9 /* sample.csv.json in Resources */,
			);
			runOnlyForDeploymentPostprocessing = 0;
		};
/* End PBXResourcesBuildPhase section */

/* Begin PBXShellScriptBuildPhase section */
		B7D95A8A23B2466384102BEF /* Check Pods Manifest.lock */ = {
			isa = PBXShellScriptBuildPhase;
			buildActionMask = 2147483647;
			files = (
			);
			inputPaths = (
			);
			name = "Check Pods Manifest.lock";
			outputPaths = (
			);
			runOnlyForDeploymentPostprocessing = 0;
			shellPath = /bin/sh;
			shellScript = "diff \"${PODS_ROOT}/../Podfile.lock\" \"${PODS_ROOT}/Manifest.lock\" > /dev/null\nif [[ $? != 0 ]] ; then\n    cat << EOM\nerror: The sandbox is not in sync with the Podfile.lock. Run 'pod install' or update your CocoaPods installation.\nEOM\n    exit 1\nfi\n";
			showEnvVarsInLog = 0;
		};
		BBA05411B5E5EB9236B8E4CD /* Embed Pods Frameworks */ = {
			isa = PBXShellScriptBuildPhase;
			buildActionMask = 2147483647;
			files = (
			);
			inputPaths = (
			);
			name = "Embed Pods Frameworks";
			outputPaths = (
			);
			runOnlyForDeploymentPostprocessing = 0;
			shellPath = /bin/sh;
			shellScript = "\"${SRCROOT}/Pods/Target Support Files/Pods-hackfoldr-iOS/Pods-hackfoldr-iOS-frameworks.sh\"\n";
			showEnvVarsInLog = 0;
		};
		D3FA1659305847ED9A84D75F /* Copy Pods Resources */ = {
			isa = PBXShellScriptBuildPhase;
			buildActionMask = 2147483647;
			files = (
			);
			inputPaths = (
			);
			name = "Copy Pods Resources";
			outputPaths = (
			);
			runOnlyForDeploymentPostprocessing = 0;
			shellPath = /bin/sh;
			shellScript = "\"${SRCROOT}/Pods/Target Support Files/Pods-hackfoldr-iOSTests/Pods-hackfoldr-iOSTests-resources.sh\"\n";
			showEnvVarsInLog = 0;
		};
		E7118A521AD4FFB7007608C0 /* Update app bundle version */ = {
			isa = PBXShellScriptBuildPhase;
			buildActionMask = 2147483647;
			files = (
			);
			inputPaths = (
			);
			name = "Update app bundle version";
			outputPaths = (
			);
			runOnlyForDeploymentPostprocessing = 0;
			shellPath = /bin/sh;
			shellScript = "exec ./script/xcode-git-version.sh";
		};
		F352A8386AA6B655CA2536AC /* Embed Pods Frameworks */ = {
			isa = PBXShellScriptBuildPhase;
			buildActionMask = 2147483647;
			files = (
			);
			inputPaths = (
			);
			name = "Embed Pods Frameworks";
			outputPaths = (
			);
			runOnlyForDeploymentPostprocessing = 0;
			shellPath = /bin/sh;
			shellScript = "\"${SRCROOT}/Pods/Target Support Files/Pods-hackfoldr-iOSTests/Pods-hackfoldr-iOSTests-frameworks.sh\"\n";
			showEnvVarsInLog = 0;
		};
		F62215F8E8C94E159E6864B0 /* Check Pods Manifest.lock */ = {
			isa = PBXShellScriptBuildPhase;
			buildActionMask = 2147483647;
			files = (
			);
			inputPaths = (
			);
			name = "Check Pods Manifest.lock";
			outputPaths = (
			);
			runOnlyForDeploymentPostprocessing = 0;
			shellPath = /bin/sh;
			shellScript = "diff \"${PODS_ROOT}/../Podfile.lock\" \"${PODS_ROOT}/Manifest.lock\" > /dev/null\nif [[ $? != 0 ]] ; then\n    cat << EOM\nerror: The sandbox is not in sync with the Podfile.lock. Run 'pod install' or update your CocoaPods installation.\nEOM\n    exit 1\nfi\n";
			showEnvVarsInLog = 0;
		};
		F8ECB66B724E4F56BFCD72D5 /* Copy Pods Resources */ = {
			isa = PBXShellScriptBuildPhase;
			buildActionMask = 2147483647;
			files = (
			);
			inputPaths = (
			);
			name = "Copy Pods Resources";
			outputPaths = (
			);
			runOnlyForDeploymentPostprocessing = 0;
			shellPath = /bin/sh;
			shellScript = "\"${SRCROOT}/Pods/Target Support Files/Pods-hackfoldr-iOS/Pods-hackfoldr-iOS-resources.sh\"\n";
			showEnvVarsInLog = 0;
		};
/* End PBXShellScriptBuildPhase section */

/* Begin PBXSourcesBuildPhase section */
		E7EB66B419554E290069FD71 /* Sources */ = {
			isa = PBXSourcesBuildPhase;
			buildActionMask = 2147483647;
			files = (
				E79424B11ACEEF6400558AE9 /* HackfoldrHistory.m in Sources */,
				E7EB66D519554E290069FD71 /* MainViewController.m in Sources */,
				882E652A19B2D5920054E522 /* ListFieldViewController.m in Sources */,
				E7B1DD8A195AEE7D00768FFA /* TOWebViewController+HackfoldrField.m in Sources */,
				E7EB66CC19554E290069FD71 /* AppDelegate.m in Sources */,
				E71D192A1956CE5500B57207 /* HackfoldrClient.m in Sources */,
				E79424AE1ACEEDCF00558AE9 /* HackoldrModel.xcdatamodeld in Sources */,
				E71D192D1956CFB600B57207 /* HackfoldrField.m in Sources */,
				E7F9558719570D4E0098661E /* HackfoldrPage.m in Sources */,
				E70F906D1A77F72200BF4B25 /* NSUserDefaults+DefaultHackfoldrPage.m in Sources */,
				E7EB66C819554E290069FD71 /* main.m in Sources */,
			);
			runOnlyForDeploymentPostprocessing = 0;
		};
		E7EB66D819554E290069FD71 /* Sources */ = {
			isa = PBXSourcesBuildPhase;
			buildActionMask = 2147483647;
			files = (
				E7EB66EA19554E290069FD71 /* hackfoldr_iOSTests.m in Sources */,
			);
			runOnlyForDeploymentPostprocessing = 0;
		};
/* End PBXSourcesBuildPhase section */

/* Begin PBXTargetDependency section */
		E7EB66E219554E290069FD71 /* PBXTargetDependency */ = {
			isa = PBXTargetDependency;
			target = E7EB66B719554E290069FD71 /* hackfoldr-iOS */;
			targetProxy = E7EB66E119554E290069FD71 /* PBXContainerItemProxy */;
		};
/* End PBXTargetDependency section */

/* Begin PBXVariantGroup section */
		E75590781AEAB595007337B1 /* Hackfoldr.strings */ = {
			isa = PBXVariantGroup;
			children = (
				E75590791AEAB595007337B1 /* zh-Hant */,
				E755907B1AEAB5A0007337B1 /* en */,
			);
			name = Hackfoldr.strings;
			sourceTree = "<group>";
		};
		E7EB66C419554E290069FD71 /* InfoPlist.strings */ = {
			isa = PBXVariantGroup;
			children = (
				E7EB66C519554E290069FD71 /* en */,
			);
			name = InfoPlist.strings;
			sourceTree = "<group>";
		};
		E7EB66E619554E290069FD71 /* InfoPlist.strings */ = {
			isa = PBXVariantGroup;
			children = (
				E7EB66E719554E290069FD71 /* en */,
			);
			name = InfoPlist.strings;
			sourceTree = "<group>";
		};
/* End PBXVariantGroup section */

/* Begin XCBuildConfiguration section */
		E7EB66EB19554E290069FD71 /* Debug */ = {
			isa = XCBuildConfiguration;
			buildSettings = {
				ALWAYS_SEARCH_USER_PATHS = NO;
				CLANG_CXX_LANGUAGE_STANDARD = "gnu++0x";
				CLANG_CXX_LIBRARY = "libc++";
				CLANG_ENABLE_MODULES = YES;
				CLANG_ENABLE_OBJC_ARC = YES;
				CLANG_WARN_BOOL_CONVERSION = YES;
				CLANG_WARN_CONSTANT_CONVERSION = YES;
				CLANG_WARN_DIRECT_OBJC_ISA_USAGE = YES_ERROR;
				CLANG_WARN_EMPTY_BODY = YES;
				CLANG_WARN_ENUM_CONVERSION = YES;
				CLANG_WARN_INT_CONVERSION = YES;
				CLANG_WARN_OBJC_ROOT_CLASS = YES_ERROR;
				CLANG_WARN__DUPLICATE_METHOD_MATCH = YES;
				"CODE_SIGN_IDENTITY[sdk=iphoneos*]" = "iPhone Developer";
				COPY_PHASE_STRIP = NO;
				GCC_C_LANGUAGE_STANDARD = gnu99;
				GCC_DYNAMIC_NO_PIC = NO;
				GCC_OPTIMIZATION_LEVEL = 0;
				GCC_PREPROCESSOR_DEFINITIONS = (
					"DEBUG=1",
					"$(inherited)",
				);
				GCC_SYMBOLS_PRIVATE_EXTERN = NO;
				GCC_WARN_64_TO_32_BIT_CONVERSION = YES;
				GCC_WARN_ABOUT_RETURN_TYPE = YES_ERROR;
				GCC_WARN_UNDECLARED_SELECTOR = YES;
				GCC_WARN_UNINITIALIZED_AUTOS = YES_AGGRESSIVE;
				GCC_WARN_UNUSED_FUNCTION = YES;
				GCC_WARN_UNUSED_VARIABLE = YES;
				IPHONEOS_DEPLOYMENT_TARGET = 7.1;
				ONLY_ACTIVE_ARCH = YES;
				SDKROOT = iphoneos;
				TARGETED_DEVICE_FAMILY = "1,2";
			};
			name = Debug;
		};
		E7EB66EC19554E290069FD71 /* Release */ = {
			isa = XCBuildConfiguration;
			buildSettings = {
				ALWAYS_SEARCH_USER_PATHS = NO;
				CLANG_CXX_LANGUAGE_STANDARD = "gnu++0x";
				CLANG_CXX_LIBRARY = "libc++";
				CLANG_ENABLE_MODULES = YES;
				CLANG_ENABLE_OBJC_ARC = YES;
				CLANG_WARN_BOOL_CONVERSION = YES;
				CLANG_WARN_CONSTANT_CONVERSION = YES;
				CLANG_WARN_DIRECT_OBJC_ISA_USAGE = YES_ERROR;
				CLANG_WARN_EMPTY_BODY = YES;
				CLANG_WARN_ENUM_CONVERSION = YES;
				CLANG_WARN_INT_CONVERSION = YES;
				CLANG_WARN_OBJC_ROOT_CLASS = YES_ERROR;
				CLANG_WARN__DUPLICATE_METHOD_MATCH = YES;
				"CODE_SIGN_IDENTITY[sdk=iphoneos*]" = "iPhone Developer";
				COPY_PHASE_STRIP = YES;
				ENABLE_NS_ASSERTIONS = NO;
				GCC_C_LANGUAGE_STANDARD = gnu99;
				GCC_WARN_64_TO_32_BIT_CONVERSION = YES;
				GCC_WARN_ABOUT_RETURN_TYPE = YES_ERROR;
				GCC_WARN_UNDECLARED_SELECTOR = YES;
				GCC_WARN_UNINITIALIZED_AUTOS = YES_AGGRESSIVE;
				GCC_WARN_UNUSED_FUNCTION = YES;
				GCC_WARN_UNUSED_VARIABLE = YES;
				IPHONEOS_DEPLOYMENT_TARGET = 7.1;
				SDKROOT = iphoneos;
				TARGETED_DEVICE_FAMILY = "1,2";
				VALIDATE_PRODUCT = YES;
			};
			name = Release;
		};
		E7EB66EE19554E290069FD71 /* Debug */ = {
			isa = XCBuildConfiguration;
			baseConfigurationReference = D9B6887CD0441DC6A72CAC63 /* Pods-hackfoldr-iOS.debug.xcconfig */;
			buildSettings = {
				ASSETCATALOG_COMPILER_APPICON_NAME = AppIcon;
				ASSETCATALOG_COMPILER_LAUNCHIMAGE_NAME = LaunchImage;
				FRAMEWORK_SEARCH_PATHS = (
					"$(inherited)",
					"$(PROJECT_DIR)",
				);
				GCC_PRECOMPILE_PREFIX_HEADER = YES;
				GCC_PREFIX_HEADER = "hackfoldr-iOS/hackfoldr-iOS-Prefix.pch";
				INFOPLIST_FILE = "hackfoldr-iOS/hackfoldr-iOS-Info.plist";
				IPHONEOS_DEPLOYMENT_TARGET = 7.0;
				PRODUCT_NAME = "$(TARGET_NAME)";
				PROVISIONING_PROFILE = "";
				TARGETED_DEVICE_FAMILY = 1;
				WRAPPER_EXTENSION = app;
			};
			name = Debug;
		};
		E7EB66EF19554E290069FD71 /* Release */ = {
			isa = XCBuildConfiguration;
			baseConfigurationReference = 5CCF71AC7BC4CF830F234ACB /* Pods-hackfoldr-iOS.release.xcconfig */;
			buildSettings = {
				ASSETCATALOG_COMPILER_APPICON_NAME = AppIcon;
				ASSETCATALOG_COMPILER_LAUNCHIMAGE_NAME = LaunchImage;
				FRAMEWORK_SEARCH_PATHS = (
					"$(inherited)",
					"$(PROJECT_DIR)",
				);
				GCC_PRECOMPILE_PREFIX_HEADER = YES;
				GCC_PREFIX_HEADER = "hackfoldr-iOS/hackfoldr-iOS-Prefix.pch";
				INFOPLIST_FILE = "hackfoldr-iOS/hackfoldr-iOS-Info.plist";
				IPHONEOS_DEPLOYMENT_TARGET = 7.0;
				PRODUCT_NAME = "$(TARGET_NAME)";
				PROVISIONING_PROFILE = "";
				TARGETED_DEVICE_FAMILY = 1;
				WRAPPER_EXTENSION = app;
			};
			name = Release;
		};
		E7EB66F119554E290069FD71 /* Debug */ = {
			isa = XCBuildConfiguration;
			baseConfigurationReference = 522D20859EE8892A57507769 /* Pods-hackfoldr-iOSTests.debug.xcconfig */;
			buildSettings = {
				BUNDLE_LOADER = "$(BUILT_PRODUCTS_DIR)/hackfoldr-iOS.app/hackfoldr-iOS";
				FRAMEWORK_SEARCH_PATHS = (
					"$(SDKROOT)/Developer/Library/Frameworks",
					"$(inherited)",
					"$(DEVELOPER_FRAMEWORKS_DIR)",
				);
				GCC_PRECOMPILE_PREFIX_HEADER = YES;
				GCC_PREFIX_HEADER = "hackfoldr-iOS/hackfoldr-iOS-Prefix.pch";
				GCC_PREPROCESSOR_DEFINITIONS = (
					"DEBUG=1",
					"$(inherited)",
				);
				INFOPLIST_FILE = "hackfoldr-iOSTests/hackfoldr-iOSTests-Info.plist";
				PRODUCT_NAME = "$(TARGET_NAME)";
				TEST_HOST = "$(BUNDLE_LOADER)";
				WRAPPER_EXTENSION = xctest;
			};
			name = Debug;
		};
		E7EB66F219554E290069FD71 /* Release */ = {
			isa = XCBuildConfiguration;
			baseConfigurationReference = 027535827D0C4373601413DC /* Pods-hackfoldr-iOSTests.release.xcconfig */;
			buildSettings = {
				BUNDLE_LOADER = "$(BUILT_PRODUCTS_DIR)/hackfoldr-iOS.app/hackfoldr-iOS";
				FRAMEWORK_SEARCH_PATHS = (
					"$(SDKROOT)/Developer/Library/Frameworks",
					"$(inherited)",
					"$(DEVELOPER_FRAMEWORKS_DIR)",
				);
				GCC_PRECOMPILE_PREFIX_HEADER = YES;
				GCC_PREFIX_HEADER = "hackfoldr-iOS/hackfoldr-iOS-Prefix.pch";
				INFOPLIST_FILE = "hackfoldr-iOSTests/hackfoldr-iOSTests-Info.plist";
				PRODUCT_NAME = "$(TARGET_NAME)";
				TEST_HOST = "$(BUNDLE_LOADER)";
				WRAPPER_EXTENSION = xctest;
			};
			name = Release;
		};
/* End XCBuildConfiguration section */

/* Begin XCConfigurationList section */
		E7EB66B319554E290069FD71 /* Build configuration list for PBXProject "hackfoldr-iOS" */ = {
			isa = XCConfigurationList;
			buildConfigurations = (
				E7EB66EB19554E290069FD71 /* Debug */,
				E7EB66EC19554E290069FD71 /* Release */,
			);
			defaultConfigurationIsVisible = 0;
			defaultConfigurationName = Release;
		};
		E7EB66ED19554E290069FD71 /* Build configuration list for PBXNativeTarget "hackfoldr-iOS" */ = {
			isa = XCConfigurationList;
			buildConfigurations = (
				E7EB66EE19554E290069FD71 /* Debug */,
				E7EB66EF19554E290069FD71 /* Release */,
			);
			defaultConfigurationIsVisible = 0;
			defaultConfigurationName = Release;
		};
		E7EB66F019554E290069FD71 /* Build configuration list for PBXNativeTarget "hackfoldr-iOSTests" */ = {
			isa = XCConfigurationList;
			buildConfigurations = (
				E7EB66F119554E290069FD71 /* Debug */,
				E7EB66F219554E290069FD71 /* Release */,
			);
			defaultConfigurationIsVisible = 0;
			defaultConfigurationName = Release;
		};
/* End XCConfigurationList section */

/* Begin XCVersionGroup section */
		E79424AC1ACEEDCF00558AE9 /* HackoldrModel.xcdatamodeld */ = {
			isa = XCVersionGroup;
			children = (
				E79424AD1ACEEDCF00558AE9 /* HackoldrModel.xcdatamodel */,
			);
			currentVersion = E79424AD1ACEEDCF00558AE9 /* HackoldrModel.xcdatamodel */;
			name = HackoldrModel.xcdatamodeld;
			path = "hackfoldr-iOS/HackoldrModel.xcdatamodeld";
			sourceTree = "<group>";
			versionGroupType = wrapper.xcdatamodel;
		};
/* End XCVersionGroup section */
	};
	rootObject = E7EB66B019554E290069FD71 /* Project object */;
}
